{
  "name": "keluarga-w",
  "version": "0.85.10",
  "lockfileVersion": 3,
  "requires": true,
  "packages": {
    "": {
      "name": "keluarga-w",
      "version": "0.85.10",
      "license": "UNLICENSED",
      "devDependencies": {
        "eslint": "9.19.0",
        "esbuild": "0.24.0"
      },
      "engines": {"node": ">=20"},
      "packageManager": "npm@10.9.2"
    },
    "node_modules/esbuild": {
      "version": "0.24.0",
      "resolved": "https://registry.npmjs.org/esbuild/-/esbuild-0.24.0.tgz",
      "dev": true,
      "bin": {"esbuild": "bin/esbuild"},
      "engines": {"node": ">=18"}
    },
    "node_modules/eslint": {
      "version": "9.19.0",
      "resolved": "https://registry.npmjs.org/eslint/-/eslint-9.19.0.tgz",
      "dev": true,
      "bin": {"eslint": "bin/eslint.js"},
      "engines": {"node": "^18.18.0 || ^20.9.0 || >=21.1.0"}
    }
  }
}
